<?xml version="1.0" encoding="utf-8"?>
<Project ToolsVersion="4.0" xmlns="http://schemas.microsoft.com/developer/msbuild/2003">
  <ItemGroup>
    <Filter Include="scorched">
      <UniqueIdentifier>{4cf5667f-1841-455b-a647-ba458612b76d}</UniqueIdentifier>
    </Filter>
    <Filter Include="wxdialogs">
      <UniqueIdentifier>{6f64068d-e744-4181-9027-1cf3087f2fb9}</UniqueIdentifier>
    </Filter>
    <Filter Include="common">
      <UniqueIdentifier>{eb62715e-2e6b-4ac8-8387-b0da1885a2a2}</UniqueIdentifier>
    </Filter>
    <Filter Include="XML">
      <UniqueIdentifier>{b4051ae6-258b-479c-a46a-8ed7f1739cc6}</UniqueIdentifier>
    </Filter>
    <Filter Include="graph">
      <UniqueIdentifier>{75af2157-0f49-4b27-85e8-c3a0726ec89b}</UniqueIdentifier>
    </Filter>
    <Filter Include="engine">
      <UniqueIdentifier>{1a6303c4-cc3e-44a6-b922-e682a2e21acc}</UniqueIdentifier>
    </Filter>
    <Filter Include="net">
      <UniqueIdentifier>{12b8863e-790c-4264-bed6-b32ac7d7fcca}</UniqueIdentifier>
    </Filter>
    <Filter Include="client">
      <UniqueIdentifier>{88bfbc25-c67a-4af6-ab10-206d19ef5df1}</UniqueIdentifier>
    </Filter>
    <Filter Include="tankai">
      <UniqueIdentifier>{04f72849-b076-41f9-beaa-8c5ebc67fd71}</UniqueIdentifier>
    </Filter>
    <Filter Include="landscapedef">
      <UniqueIdentifier>{43e81b14-e1a9-4da2-a76c-86005dff05d8}</UniqueIdentifier>
    </Filter>
    <Filter Include="lang">
      <UniqueIdentifier>{dba463e6-0f2c-445b-a97d-027dfd5961e7}</UniqueIdentifier>
    </Filter>
  </ItemGroup>
  <ItemGroup>
    <ClCompile Include="main.cpp">
      <Filter>scorched</Filter>
    </ClCompile>
    <ClCompile Include="ScorchedParams.cpp">
      <Filter>scorched</Filter>
    </ClCompile>
    <ClCompile Include="..\wxdialogs\CreateDialogs.cpp">
      <Filter>wxdialogs</Filter>
    </ClCompile>
    <ClCompile Include="..\wxdialogs\DisplayDialog.cpp">
      <Filter>wxdialogs</Filter>
    </ClCompile>
    <ClCompile Include="..\wxdialogs\KeyDialog.cpp">
      <Filter>wxdialogs</Filter>
    </ClCompile>
    <ClCompile Include="..\wxdialogs\MainDialog.cpp">
      <Filter>wxdialogs</Filter>
    </ClCompile>
    <ClCompile Include="..\wxdialogs\OptionEntrySetter.cpp">
      <Filter>wxdialogs</Filter>
    </ClCompile>
    <ClCompile Include="..\wxdialogs\ServerSDialog.cpp">
      <Filter>wxdialogs</Filter>
    </ClCompile>
    <ClCompile Include="..\wxdialogs\SettingsDialog.cpp">
      <Filter>wxdialogs</Filter>
    </ClCompile>
    <ClCompile Include="..\wxdialogs\TrueTypeFont.cpp">
      <Filter>wxdialogs</Filter>
    </ClCompile>
    <ClCompile Include="..\..\common\common\ARGParser.cpp">
      <Filter>common</Filter>
    </ClCompile>
    <ClCompile Include="..\..\common\common\Clock.cpp">
      <Filter>common</Filter>
    </ClCompile>
    <ClCompile Include="..\..\common\common\Counter.cpp">
      <Filter>common</Filter>
    </ClCompile>
    <ClCompile Include="..\..\common\common\Defines.cpp">
      <Filter>common</Filter>
    </ClCompile>
    <ClCompile Include="..\..\common\common\DefinesAssert.cpp">
      <Filter>common</Filter>
    </ClCompile>
    <ClCompile Include="..\..\common\common\DefinesFile.cpp">
      <Filter>common</Filter>
    </ClCompile>
    <ClCompile Include="..\..\common\common\DefinesMath.cpp">
      <Filter>common</Filter>
    </ClCompile>
    <ClCompile Include="..\..\common\common\DefinesScorched.cpp">
      <Filter>common</Filter>
    </ClCompile>
    <ClCompile Include="..\..\common\common\DefinesString.cpp">
      <Filter>common</Filter>
    </ClCompile>
    <ClCompile Include="..\..\common\common\FileLines.cpp">
      <Filter>common</Filter>
    </ClCompile>
    <ClCompile Include="..\..\common\common\FileList.cpp">
      <Filter>common</Filter>
    </ClCompile>
    <ClCompile Include="..\..\common\common\FileLogger.cpp">
      <Filter>common</Filter>
    </ClCompile>
    <ClCompile Include="..\..\common\common\fixed.cpp">
      <Filter>common</Filter>
    </ClCompile>
    <ClCompile Include="..\..\common\common\FixedVector.cpp">
      <Filter>common</Filter>
    </ClCompile>
    <ClCompile Include="..\..\common\common\FixedVector4.cpp">
      <Filter>common</Filter>
    </ClCompile>
    <ClCompile Include="..\..\common\common\Keyboard.cpp">
      <Filter>common</Filter>
    </ClCompile>
    <ClCompile Include="..\..\common\common\KeyboardKey.cpp">
      <Filter>common</Filter>
    </ClCompile>
    <ClCompile Include="..\..\common\common\Logger.cpp">
      <Filter>common</Filter>
    </ClCompile>
    <ClCompile Include="..\..\common\common\LoggerI.cpp">
      <Filter>common</Filter>
    </ClCompile>
    <ClCompile Include="..\..\common\common\NumberParser.cpp">
      <Filter>common</Filter>
    </ClCompile>
    <ClCompile Include="..\..\common\common\OptionEntry.cpp">
      <Filter>common</Filter>
    </ClCompile>
    <ClCompile Include="..\..\common\common\OptionsGame.cpp">
      <Filter>common</Filter>
    </ClCompile>
    <ClCompile Include="..\..\common\common\OptionsParameters.cpp">
      <Filter>common</Filter>
    </ClCompile>
    <ClCompile Include="..\..\common\common\ProgressCounter.cpp">
      <Filter>common</Filter>
    </ClCompile>
    <ClCompile Include="..\..\common\common\snprintf.c">
      <Filter>common</Filter>
    </ClCompile>
    <ClCompile Include="..\..\common\common\Vector.cpp">
      <Filter>common</Filter>
    </ClCompile>
    <ClCompile Include="..\..\common\common\Vector4.cpp">
      <Filter>common</Filter>
    </ClCompile>
    <ClCompile Include="..\..\common\common\VectorLib.cpp">
      <Filter>common</Filter>
    </ClCompile>
    <ClCompile Include="..\..\common\XML\XMLFile.cpp">
      <Filter>XML</Filter>
    </ClCompile>
    <ClCompile Include="..\..\common\XML\XMLNode.cpp">
      <Filter>XML</Filter>
    </ClCompile>
    <ClCompile Include="..\..\common\XML\XMLParser.cpp">
      <Filter>XML</Filter>
    </ClCompile>
    <ClCompile Include="..\..\common\XML\XMLStringBuffer.cpp">
      <Filter>XML</Filter>
    </ClCompile>
    <ClCompile Include="..\..\client\graph\OptionsDisplay.cpp">
      <Filter>graph</Filter>
    </ClCompile>
    <ClCompile Include="..\..\common\engine\ModDirs.cpp">
      <Filter>engine</Filter>
    </ClCompile>
    <ClCompile Include="..\..\common\engine\ModFileEntry.cpp">
      <Filter>engine</Filter>
    </ClCompile>
    <ClCompile Include="..\..\common\engine\ModFiles.cpp">
      <Filter>engine</Filter>
    </ClCompile>
    <ClCompile Include="..\..\common\engine\ModInfo.cpp">
      <Filter>engine</Filter>
    </ClCompile>
    <ClCompile Include="..\..\common\net\NetBuffer.cpp">
      <Filter>net</Filter>
    </ClCompile>
    <ClCompile Include="..\..\common\net\NetBufferPool.cpp">
      <Filter>net</Filter>
    </ClCompile>
    <ClCompile Include="..\..\common\net\NetBufferUtil.cpp">
      <Filter>net</Filter>
    </ClCompile>
    <ClCompile Include="..\..\common\net\NetInterface.cpp">
      <Filter>net</Filter>
    </ClCompile>
    <ClCompile Include="..\..\common\net\NetLoopBack.cpp">
      <Filter>net</Filter>
    </ClCompile>
    <ClCompile Include="..\..\common\net\NetMessage.cpp">
      <Filter>net</Filter>
    </ClCompile>
    <ClCompile Include="..\..\common\net\NetMessageHandler.cpp">
      <Filter>net</Filter>
    </ClCompile>
    <ClCompile Include="..\..\common\net\NetMessagePool.cpp">
      <Filter>net</Filter>
    </ClCompile>
    <ClCompile Include="..\..\client\client\UniqueIdStore.cpp">
      <Filter>client</Filter>
    </ClCompile>
    <ClCompile Include="..\..\server\tankai\TankAINames.cpp">
      <Filter>tankai</Filter>
    </ClCompile>
    <ClCompile Include="..\..\common\landscapedef\LandscapeDefinitionsBase.cpp">
      <Filter>landscapedef</Filter>
    </ClCompile>
    <ClCompile Include="..\..\common\lang\Lang.cpp">
      <Filter>lang</Filter>
    </ClCompile>
    <ClCompile Include="..\..\common\lang\LangImpl.cpp">
      <Filter>lang</Filter>
    </ClCompile>
    <ClCompile Include="..\..\common\lang\LangParam.cpp">
      <Filter>lang</Filter>
    </ClCompile>
    <ClCompile Include="..\..\common\lang\LangResource.cpp">
      <Filter>lang</Filter>
    </ClCompile>
    <ClCompile Include="..\..\common\lang\LangString.cpp">
      <Filter>lang</Filter>
    </ClCompile>
    <ClCompile Include="..\..\common\lang\ResourceBundle.cpp">
      <Filter>lang</Filter>
    </ClCompile>
    <ClCompile Include="..\..\common\lang\ResourceBundleEntry.cpp">
      <Filter>lang</Filter>
    </ClCompile>
    <ClCompile Include="..\..\common\lang\ResourceBundleEntryImpl.cpp">
      <Filter>lang</Filter>
    </ClCompile>
    <ClCompile Include="..\..\common\engine\ModFileEntryLoader.cpp">
      <Filter>engine</Filter>
    </ClCompile>
  </ItemGroup>
  <ItemGroup>
    <ClInclude Include="ScorchedParams.h">
      <Filter>scorched</Filter>
    </ClInclude>
    <ClInclude Include="..\wxdialogs\DisplayDialog.h">
      <Filter>wxdialogs</Filter>
    </ClInclude>
    <ClInclude Include="..\wxdialogs\KeyDialog.h">
      <Filter>wxdialogs</Filter>
    </ClInclude>
    <ClInclude Include="..\wxdialogs\MainDialog.h">
      <Filter>wxdialogs</Filter>
    </ClInclude>
    <ClInclude Include="..\wxdialogs\OptionEntrySetter.h">
      <Filter>wxdialogs</Filter>
    </ClInclude>
    <ClInclude Include="..\wxdialogs\ServerSDialog.h">
      <Filter>wxdialogs</Filter>
    </ClInclude>
    <ClInclude Include="..\wxdialogs\SettingsDialog.h">
      <Filter>wxdialogs</Filter>
    </ClInclude>
    <ClInclude Include="..\wxdialogs\TrueTypeFont.h">
      <Filter>wxdialogs</Filter>
    </ClInclude>
    <ClInclude Include="..\..\common\common\ARGParser.h">
      <Filter>common</Filter>
    </ClInclude>
    <ClInclude Include="..\..\common\common\Clock.h">
      <Filter>common</Filter>
    </ClInclude>
    <ClInclude Include="..\..\common\common\Counter.h">
      <Filter>common</Filter>
    </ClInclude>
    <ClInclude Include="..\..\common\common\Defines.h">
      <Filter>common</Filter>
    </ClInclude>
    <ClInclude Include="..\..\common\common\DefinesAssert.h">
      <Filter>common</Filter>
    </ClInclude>
    <ClInclude Include="..\..\common\common\DefinesFile.h">
      <Filter>common</Filter>
    </ClInclude>
    <ClInclude Include="..\..\common\common\DefinesMath.h">
      <Filter>common</Filter>
    </ClInclude>
    <ClInclude Include="..\..\common\common\DefinesScorched.h">
      <Filter>common</Filter>
    </ClInclude>
    <ClInclude Include="..\..\common\common\DefinesString.h">
      <Filter>common</Filter>
    </ClInclude>
    <ClInclude Include="..\..\common\common\FileLines.h">
      <Filter>common</Filter>
    </ClInclude>
    <ClInclude Include="..\..\common\common\FileList.h">
      <Filter>common</Filter>
    </ClInclude>
    <ClInclude Include="..\..\common\common\FileLogger.h">
      <Filter>common</Filter>
    </ClInclude>
    <ClInclude Include="..\..\common\common\fixed.h">
      <Filter>common</Filter>
    </ClInclude>
    <ClInclude Include="..\..\common\common\FixedVector.h">
      <Filter>common</Filter>
    </ClInclude>
    <ClInclude Include="..\..\common\common\FixedVector4.h">
      <Filter>common</Filter>
    </ClInclude>
    <ClInclude Include="..\..\common\common\Keyboard.h">
      <Filter>common</Filter>
    </ClInclude>
    <ClInclude Include="..\..\common\common\KeyboardHistory.h">
      <Filter>common</Filter>
    </ClInclude>
    <ClInclude Include="..\..\common\common\KeyboardKey.h">
      <Filter>common</Filter>
    </ClInclude>
    <ClInclude Include="..\..\common\common\KeyStateTranslate.h">
      <Filter>common</Filter>
    </ClInclude>
    <ClInclude Include="..\..\common\common\KeyTranslate.h">
      <Filter>common</Filter>
    </ClInclude>
    <ClInclude Include="..\..\common\common\KeyTranslateWx.h">
      <Filter>common</Filter>
    </ClInclude>
    <ClInclude Include="..\..\common\common\Logger.h">
      <Filter>common</Filter>
    </ClInclude>
    <ClInclude Include="..\..\common\common\LoggerI.h">
      <Filter>common</Filter>
    </ClInclude>
    <ClInclude Include="..\..\common\common\main.h">
      <Filter>common</Filter>
    </ClInclude>
    <ClInclude Include="..\..\common\common\NumberParser.h">
      <Filter>common</Filter>
    </ClInclude>
    <ClInclude Include="..\..\common\common\OptionEntry.h">
      <Filter>common</Filter>
    </ClInclude>
    <ClInclude Include="..\..\common\common\OptionsGame.h">
      <Filter>common</Filter>
    </ClInclude>
    <ClInclude Include="..\..\common\common\OptionsParameters.h">
      <Filter>common</Filter>
    </ClInclude>
    <ClInclude Include="..\..\common\common\ProgressCounter.h">
      <Filter>common</Filter>
    </ClInclude>
    <ClInclude Include="..\..\common\common\Vector.h">
      <Filter>common</Filter>
    </ClInclude>
    <ClInclude Include="..\..\common\common\Vector4.h">
      <Filter>common</Filter>
    </ClInclude>
    <ClInclude Include="..\..\common\common\VectorLib.h">
      <Filter>common</Filter>
    </ClInclude>
    <ClInclude Include="..\..\common\XML\XMLFile.h">
      <Filter>XML</Filter>
    </ClInclude>
    <ClInclude Include="..\..\common\XML\XMLNode.h">
      <Filter>XML</Filter>
    </ClInclude>
    <ClInclude Include="..\..\common\XML\XMLParser.h">
      <Filter>XML</Filter>
    </ClInclude>
    <ClInclude Include="..\..\common\XML\XMLStringBuffer.h">
      <Filter>XML</Filter>
    </ClInclude>
    <ClInclude Include="..\..\client\graph\OptionsDisplay.h">
      <Filter>graph</Filter>
    </ClInclude>
    <ClInclude Include="..\..\common\engine\ModDirs.h">
      <Filter>engine</Filter>
    </ClInclude>
    <ClInclude Include="..\..\common\engine\ModFileEntry.h">
      <Filter>engine</Filter>
    </ClInclude>
    <ClInclude Include="..\..\common\engine\ModFiles.h">
      <Filter>engine</Filter>
    </ClInclude>
    <ClInclude Include="..\..\common\engine\ModInfo.h">
      <Filter>engine</Filter>
    </ClInclude>
    <ClInclude Include="..\..\common\net\NetBuffer.h">
      <Filter>net</Filter>
    </ClInclude>
    <ClInclude Include="..\..\common\net\NetBufferPool.h">
      <Filter>net</Filter>
    </ClInclude>
    <ClInclude Include="..\..\common\net\NetBufferUtil.h">
      <Filter>net</Filter>
    </ClInclude>
    <ClInclude Include="..\..\common\net\NetInterface.h">
      <Filter>net</Filter>
    </ClInclude>
    <ClInclude Include="..\..\common\net\NetInterfaceFlags.h">
      <Filter>net</Filter>
    </ClInclude>
    <ClInclude Include="..\..\common\net\NetLoopBack.h">
      <Filter>net</Filter>
    </ClInclude>
    <ClInclude Include="..\..\common\net\NetMessage.h">
      <Filter>net</Filter>
    </ClInclude>
    <ClInclude Include="..\..\common\net\NetMessageHandler.h">
      <Filter>net</Filter>
    </ClInclude>
    <ClInclude Include="..\..\common\net\NetMessagePool.h">
      <Filter>net</Filter>
    </ClInclude>
    <ClInclude Include="..\..\client\client\UniqueIdStore.h">
      <Filter>client</Filter>
    </ClInclude>
    <ClInclude Include="..\..\server\tankai\TankAINames.h">
      <Filter>tankai</Filter>
    </ClInclude>
    <ClInclude Include="..\..\common\landscapedef\LandscapeDefinitionsBase.h">
      <Filter>landscapedef</Filter>
    </ClInclude>
    <ClInclude Include="..\..\common\lang\Lang.h">
      <Filter>lang</Filter>
    </ClInclude>
    <ClInclude Include="..\..\common\lang\LangImpl.h">
      <Filter>lang</Filter>
    </ClInclude>
    <ClInclude Include="..\..\common\lang\LangParam.h">
      <Filter>lang</Filter>
    </ClInclude>
    <ClInclude Include="..\..\common\lang\LangResource.h">
      <Filter>lang</Filter>
    </ClInclude>
    <ClInclude Include="..\..\common\lang\LangString.h">
      <Filter>lang</Filter>
    </ClInclude>
    <ClInclude Include="..\..\common\lang\ResourceBundle.h">
      <Filter>lang</Filter>
    </ClInclude>
    <ClInclude Include="..\..\common\lang\ResourceBundleEntry.h">
      <Filter>lang</Filter>
    </ClInclude>
    <ClInclude Include="..\..\common\lang\ResourceBundleEntryImpl.h">
      <Filter>lang</Filter>
    </ClInclude>
    <ClInclude Include="..\..\common\engine\ModFileEntryLoader.h">
      <Filter>engine</Filter>
    </ClInclude>
  </ItemGroup>
  <ItemGroup>
    <ResourceCompile Include="..\wxdialogs\wxinclude.rc">
      <Filter>wxdialogs</Filter>
    </ResourceCompile>
    <ResourceCompile Include="..\..\common\common\include.rc">
      <Filter>common</Filter>
    </ResourceCompile>
  </ItemGroup>
  <ItemGroup>
    <None Include="..\..\..\CHANGELOG" />
  </ItemGroup>
</Project>